
Microsoft Visual Studio Solution File, Format Version 12.00
# Visual Studio Version 16
VisualStudioVersion = 16.0.29201.188
MinimumVisualStudioVersion = 10.0.40219.1
Project("{FAE04EC0-301F-11D3-BF4B-00C04F79EFBC}") = "Randevu.DAL", "Randevu.DAL\Randevu.DAL.csproj", "{07B51B60-52C2-4B58-827B-9EB182EFF6A2}"
EndProject
Project("{FAE04EC0-301F-11D3-BF4B-00C04F79EFBC}") = "Randevu.BLL", "Randevu.BLL\Randevu.BLL.csproj", "{3F32DB6F-4C02-473C-8C04-CE58E8CEB343}"
EndProject
Project("{FAE04EC0-301F-11D3-BF4B-00C04F79EFBC}") = "Randevu.WinFormUI", "Randevu.WinFormUI\Randevu.WinFormUI.csproj", "{39FC93B0-6D02-4BC5-BC24-A7B67E10F5E0}"
EndProject
Project("{FAE04EC0-301F-11D3-BF4B-00C04F79EFBC}") = "Randevu.Entities", "WindowsFormsApp1\Randevu.Entities.csproj", "{91F903C1-2985-47FA-B98E-EC8109EFC7E3}"
EndProject
Global
	GlobalSection(SolutionConfigurationPlatforms) = preSolution
		Debug|Any CPU = Debug|Any CPU
		Release|Any CPU = Release|Any CPU
	EndGlobalSection
	GlobalSection(ProjectConfigurationPlatforms) = postSolution
		{07B51B60-52C2-4B58-827B-9EB182EFF6A2}.Debug|Any CPU.ActiveCfg = Debug|Any CPU
		{07B51B60-52C2-4B58-827B-9EB182EFF6A2}.Debug|Any CPU.Build.0 = Debug|Any CPU
		{07B51B60-52C2-4B58-827B-9EB182EFF6A2}.Release|Any CPU.ActiveCfg = Release|Any CPU
		{07B51B60-52C2-4B58-827B-9EB182EFF6A2}.Release|Any CPU.Build.0 = Release|Any CPU
		{3F32DB6F-4C02-473C-8C04-CE58E8CEB343}.Debug|Any CPU.ActiveCfg = Debug|Any CPU
		{3F32DB6F-4C02-473C-8C04-CE58E8CEB343}.Debug|Any CPU.Build.0 = Debug|Any CPU
		{3F32DB6F-4C02-473C-8C04-CE58E8CEB343}.Release|Any CPU.ActiveCfg = Release|Any CPU
		{3F32DB6F-4C02-473C-8C04-CE58E8CEB343}.Release|Any CPU.Build.0 = Release|Any CPU
		{39FC93B0-6D02-4BC5-BC24-A7B67E10F5E0}.Debug|Any CPU.ActiveCfg = Debug|Any CPU
		{39FC93B0-6D02-4BC5-BC24-A7B67E10F5E0}.Debug|Any CPU.Build.0 = Debug|Any CPU
		{39FC93B0-6D02-4BC5-BC24-A7B67E10F5E0}.Release|Any CPU.ActiveCfg = Release|Any CPU
		{39FC93B0-6D02-4BC5-BC24-A7B67E10F5E0}.Release|Any CPU.Build.0 = Release|Any CPU
		{91F903C1-2985-47FA-B98E-EC8109EFC7E3}.Debug|Any CPU.ActiveCfg = Debug|Any CPU
		{91F903C1-2985-47FA-B98E-EC8109EFC7E3}.Debug|Any CPU.Build.0 = Debug|Any CPU
		{91F903C1-2985-47FA-B98E-EC8109EFC7E3}.Release|Any CPU.ActiveCfg = Release|Any CPU
		{91F903C1-2985-47FA-B98E-EC8109EFC7E3}.Release|Any CPU.Build.0 = Release|Any CPU
	EndGlobalSection
	GlobalSection(SolutionProperties) = preSolution
		HideSolutionNode = FALSE
	EndGlobalSection
	GlobalSection(ExtensibilityGlobals) = postSolution
		SolutionGuid = {BBF95F5F-7C59-4836-9D3B-7758FEB52C06}
	EndGlobalSection
EndGlobal
